{
  "version": 4,
  "terraform_version": "1.1.8",
  "serial": 9,
  "lineage": "452a1b4e-301e-059c-f369-b2232d44fe04",
  "outputs": {},
  "resources": [
    {
      "mode": "managed",
      "type": "google_artifact_registry_repository",
      "name": "docker-repo",
      "provider": "provider[\"registry.terraform.io/hashicorp/google-beta\"]",
      "instances": [
        {
          "schema_version": 0,
          "attributes": {
            "create_time": "2022-04-20T12:05:43.415458Z",
            "description": "docker repository for app image",
            "format": "DOCKER",
            "id": "projects/rmk-prj-bn/locations/us-central1/repositories/cicd-sample-repo",
            "kms_key_name": "",
            "labels": null,
            "location": "us-central1",
            "maven_config": [],
            "name": "cicd-sample-repo",
            "project": "rmk-prj-bn",
            "repository_id": "cicd-sample-repo",
            "timeouts": null,
            "update_time": "2022-04-20T12:05:43.415458Z"
          },
          "sensitive_attributes": [],
          "private": "eyJlMmJmYjczMC1lY2FhLTExZTYtOGY4OC0zNDM2M2JjN2M0YzAiOnsiY3JlYXRlIjoxMjAwMDAwMDAwMDAwLCJkZWxldGUiOjEyMDAwMDAwMDAwMDAsInVwZGF0ZSI6MTIwMDAwMDAwMDAwMH19"
        }
      ]
    },
    {
      "mode": "managed",
      "type": "google_cloudbuild_trigger",
      "name": "cicd-trigger-main",
      "provider": "provider[\"registry.terraform.io/hashicorp/google\"]",
      "instances": [
        {
          "schema_version": 1,
          "attributes": {
            "build": [],
            "create_time": "2022-04-20T12:05:40.702585140Z",
            "description": "",
            "disabled": false,
            "filename": "cloudbuild.yaml",
            "filter": "",
            "git_file_source": [],
            "github": [],
            "id": "projects/rmk-prj-bn/triggers/360b82ac-3899-4d7e-8ef0-9b0453e753f6",
            "ignored_files": null,
            "included_files": null,
            "name": "cicd-sample-main",
            "project": "rmk-prj-bn",
            "pubsub_config": [],
            "service_account": "",
            "source_to_build": [],
            "substitutions": {
              "_BAZ": "qux",
              "_FOO": "bar"
            },
            "tags": null,
            "timeouts": null,
            "trigger_id": "360b82ac-3899-4d7e-8ef0-9b0453e753f6",
            "trigger_template": [
              {
                "branch_name": "main",
                "commit_sha": "",
                "dir": "",
                "invert_regex": false,
                "project_id": "rmk-prj-bn",
                "repo_name": "cicd-sample",
                "tag_name": ""
              }
            ],
            "webhook_config": []
          },
          "sensitive_attributes": [],
          "private": "eyJlMmJmYjczMC1lY2FhLTExZTYtOGY4OC0zNDM2M2JjN2M0YzAiOnsiY3JlYXRlIjoxMjAwMDAwMDAwMDAwLCJkZWxldGUiOjEyMDAwMDAwMDAwMDAsInVwZGF0ZSI6MTIwMDAwMDAwMDAwMH0sInNjaGVtYV92ZXJzaW9uIjoiMSJ9",
          "dependencies": [
            "google_sourcerepo_repository.cicd-source-repo"
          ]
        }
      ]
    },
    {
      "mode": "managed",
      "type": "google_compute_network",
      "name": "vpc_network",
      "provider": "provider[\"registry.terraform.io/hashicorp/google\"]",
      "instances": [
        {
          "schema_version": 0,
          "attributes": {
            "auto_create_subnetworks": false,
            "delete_default_routes_on_create": false,
            "description": "",
            "gateway_ipv4": "",
            "id": "projects/rmk-prj-bn/global/networks/for-gke-use",
            "mtu": 1460,
            "name": "for-gke-use",
            "project": "rmk-prj-bn",
            "routing_mode": "REGIONAL",
            "self_link": "https://www.googleapis.com/compute/v1/projects/rmk-prj-bn/global/networks/for-gke-use",
            "timeouts": null
          },
          "sensitive_attributes": [],
          "private": "eyJlMmJmYjczMC1lY2FhLTExZTYtOGY4OC0zNDM2M2JjN2M0YzAiOnsiY3JlYXRlIjoxMjAwMDAwMDAwMDAwLCJkZWxldGUiOjEyMDAwMDAwMDAwMDAsInVwZGF0ZSI6MTIwMDAwMDAwMDAwMH19"
        }
      ]
    },
    {
      "mode": "managed",
      "type": "google_compute_subnetwork",
      "name": "custom_subnet",
      "provider": "provider[\"registry.terraform.io/hashicorp/google\"]",
      "instances": [
        {
          "schema_version": 0,
          "attributes": {
            "creation_timestamp": "2022-04-20T05:05:48.609-07:00",
            "description": "",
            "external_ipv6_prefix": "",
            "fingerprint": null,
            "gateway_address": "10.0.0.1",
            "id": "projects/rmk-prj-bn/regions/us-central1/subnetworks/gke-use",
            "ip_cidr_range": "10.0.0.0/17",
            "ipv6_access_type": "",
            "ipv6_cidr_range": "",
            "log_config": [],
            "name": "gke-use",
            "network": "https://www.googleapis.com/compute/v1/projects/rmk-prj-bn/global/networks/for-gke-use",
            "private_ip_google_access": false,
            "private_ipv6_google_access": "DISABLE_GOOGLE_ACCESS",
            "project": "rmk-prj-bn",
            "purpose": "PRIVATE",
            "region": "us-central1",
            "role": "",
            "secondary_ip_range": [
              {
                "ip_cidr_range": "10.21.0.0/17",
                "range_name": "prod-pods-range"
              },
              {
                "ip_cidr_range": "10.21.128.0/22",
                "range_name": "prod-svc-range"
              },
              {
                "ip_cidr_range": "10.78.0.0/17",
                "range_name": "stg-pods-range"
              },
              {
                "ip_cidr_range": "10.78.128.0/22",
                "range_name": "stg-svc-range"
              }
            ],
            "self_link": "https://www.googleapis.com/compute/v1/projects/rmk-prj-bn/regions/us-central1/subnetworks/gke-use",
            "stack_type": "IPV4_ONLY",
            "timeouts": null
          },
          "sensitive_attributes": [],
          "private": "eyJlMmJmYjczMC1lY2FhLTExZTYtOGY4OC0zNDM2M2JjN2M0YzAiOnsiY3JlYXRlIjoxMjAwMDAwMDAwMDAwLCJkZWxldGUiOjEyMDAwMDAwMDAwMDAsInVwZGF0ZSI6MTIwMDAwMDAwMDAwMH19",
          "dependencies": [
            "google_compute_network.vpc_network"
          ]
        }
      ]
    },
    {
      "mode": "managed",
      "type": "google_container_cluster",
      "name": "prod",
      "provider": "provider[\"registry.terraform.io/hashicorp/google\"]",
      "instances": [
        {
          "schema_version": 1,
          "attributes": {
            "addons_config": [
              {
                "cloudrun_config": [],
                "gcp_filestore_csi_driver_config": [
                  {
                    "enabled": true
                  }
                ],
                "horizontal_pod_autoscaling": [],
                "http_load_balancing": [],
                "network_policy_config": [
                  {
                    "disabled": true
                  }
                ]
              }
            ],
            "authenticator_groups_config": [],
            "cluster_autoscaling": [
              {
                "auto_provisioning_defaults": [
                  {
                    "image_type": "COS_CONTAINERD",
                    "oauth_scopes": [
                      "https://www.googleapis.com/auth/devstorage.read_only",
                      "https://www.googleapis.com/auth/logging.write",
                      "https://www.googleapis.com/auth/monitoring",
                      "https://www.googleapis.com/auth/service.management.readonly",
                      "https://www.googleapis.com/auth/servicecontrol",
                      "https://www.googleapis.com/auth/trace.append"
                    ],
                    "service_account": "default"
                  }
                ],
                "enabled": true,
                "resource_limits": [
                  {
                    "maximum": 1000000000,
                    "minimum": 0,
                    "resource_type": "cpu"
                  },
                  {
                    "maximum": 1000000000,
                    "minimum": 0,
                    "resource_type": "memory"
                  }
                ]
              }
            ],
            "cluster_ipv4_cidr": "10.21.0.0/17",
            "confidential_nodes": [],
            "database_encryption": [
              {
                "key_name": "",
                "state": "DECRYPTED"
              }
            ],
            "datapath_provider": "",
            "default_max_pods_per_node": 110,
            "default_snat_status": [
              {
                "disabled": false
              }
            ],
            "description": "",
            "dns_config": [],
            "enable_autopilot": true,
            "enable_binary_authorization": false,
            "enable_intranode_visibility": true,
            "enable_kubernetes_alpha": false,
            "enable_legacy_abac": false,
            "enable_shielded_nodes": true,
            "enable_tpu": false,
            "endpoint": "104.198.222.160",
            "id": "projects/rmk-prj-bn/locations/us-central1/clusters/prod",
            "initial_node_count": 0,
            "ip_allocation_policy": [
              {
                "cluster_ipv4_cidr_block": "10.21.0.0/17",
                "cluster_secondary_range_name": "prod-pods-range",
                "services_ipv4_cidr_block": "10.21.128.0/22",
                "services_secondary_range_name": "prod-svc-range"
              }
            ],
            "label_fingerprint": "a9dc16a7",
            "location": "us-central1",
            "logging_config": [
              {
                "enable_components": [
                  "SYSTEM_COMPONENTS",
                  "WORKLOADS"
                ]
              }
            ],
            "logging_service": "logging.googleapis.com/kubernetes",
            "maintenance_policy": [],
            "master_auth": [
              {
                "client_certificate": "",
                "client_certificate_config": [
                  {
                    "issue_client_certificate": false
                  }
                ],
                "client_key": "",
                "cluster_ca_certificate": "LS0tLS1CRUdJTiBDRVJUSUZJQ0FURS0tLS0tCk1JSUVMVENDQXBXZ0F3SUJBZ0lSQUl4WFNRMVBwTjlHUmdva24xVGVISHN3RFFZSktvWklodmNOQVFFTEJRQXcKTHpFdE1Dc0dBMVVFQXhNa09XRTJNell6TXpndFl6YzJOQzAwTjJWbUxUazJNMlF0WVRsbVkyTXlNVE0yWkdSbApNQ0FYRFRJeU1EUXlNREV4TURZeE1Gb1lEekl3TlRJd05ERXlNVEl3TmpFd1dqQXZNUzB3S3dZRFZRUURFeVE1CllUWXpOak16T0Mxak56WTBMVFEzWldZdE9UWXpaQzFoT1daall6SXhNelprWkdVd2dnR2lNQTBHQ1NxR1NJYjMKRFFFQkFRVUFBNElCandBd2dnR0tBb0lCZ1FEVXFWM3FkNG9RM2kzRG1qU1d6eDZadFJaTVVSK2dxSko0YS8rcgo1TmtPVEZRY1FObXhyN3VrbG00UmovcDJOSXZuZ3lwQXZpL2RUbE0ydEQ1a0RFMFZqalZUN0pnTDRmVDVFcFBLCk5Pc2ZSSlFiMU5CWkxQZGZETHdxVU1IbkV0WUdIaEhNZ3RCbDBZak4vT1Joc2hZeC9wVmxENGdBNk1MOTQxV1MKVmxnK2wxbFovanp1eWNEN3crYjFIeWp1WGttYWhNNlF1YVZkSEhWSHpRdUovQlQxMnJWNzJOYVBqTTFzclkwTQpuak9ZblUyZHZPcXdRb3pNTzIzL3JwUDl1MVVpTFRrbldaV0sxcFRnQ2tVQzRJeDlMSktLMmFUTFg1c05qRUV3CnlRUDZGM2tUV3NTZENsdGV0QUd0bk9Rei9aMGxXVFBRYnhXNkNTQXF3NHM0TjZYTlpra3N2enF6aXU4YmhycjAKRW53d2dTT0ZFdVRrTzduQVg4NjdpaXBiVXhrbDlhbllLdXlHZU8zZUVGQUl5OFE1bmtySTIwUU1yR1NkaDVWRApTM3RMSmRMN082dXg5bjJYZDV1bEJCSDljdWhuL0Frc25oNlByZExMVGV2Qks2THBnb1dIL21EclltNnlYT3dpCjhsK1JoQ2V6dnpoS2NIdGVnRGQ1cjlXOWVhMENBd0VBQWFOQ01FQXdEZ1lEVlIwUEFRSC9CQVFEQWdJRU1BOEcKQTFVZEV3RUIvd1FGTUFNQkFmOHdIUVlEVlIwT0JCWUVGS0R1UU9hS1cxRjYvQUxxa0s0TWczdWdMQnFrTUEwRwpDU3FHU0liM0RRRUJDd1VBQTRJQmdRQUhCVndRMVV5ZTYvWmxlUFN5ay9xZmM4bWxQUi9WeVEvVktiV1ZITE5SClYwWlhXMGJtVDFHOGpzVGlaQUk1MjdLbG1tVjFkNGlvbGJhL1ViTEFmNTBxVlpuZ1ZYNmNJMHNVRnpXNmUwc00KSVQ2dUdDcG1PUnVIV01OWEJrdU9vN0MzSU1HMXpNOXpRZGpOYWQzRStOS2FTUStHemt3ektFek9mRVdlajI2agoyc2U5Q2pQZmJTdS9OcEdWanJ5OGhuOUEvcFpjVHY3aFp6YnRBUzhZdnBEN0pPbUdKUDErcU9iVWtDK1R1Z1NKCm5IZHVPdVRLOXBSMWFadTFCY0FaNWhCT2J0MnF3V1pGajFsM0FHSXlRNG1nWG1hT01Ha2piT2JVTE5yM3M3em0KTDArWnNPMk1IQ3lJR2dVVXQwdTk0YU83TzFLM21tQmpQTFh5L1ZGVEYyTlBWb1NXWjZlYU9VSWN3aitqaXZObApXKzFQbko5dEl2cnlObUtPdkE1V1ZTakI5ZE5jQzAwNFVPYkhjZDFEczhqTWNqQjVKbEpxVnpUUXFiM1lUVjdJCnVwYTRDZVNWSXN5RHU5cjNXRi9xTkRSci81SytWaHREdks3M0c2UkhKbUU3NWYxdmtScS9UZEdzQmhla2E1RVoKdk9HNzNQK1YxaU5uQ0FVSjRkN0RHVW89Ci0tLS0tRU5EIENFUlRJRklDQVRFLS0tLS0K"
              }
            ],
            "master_authorized_networks_config": [],
            "master_version": "1.21.6-gke.1503",
            "min_master_version": null,
            "monitoring_config": [
              {
                "enable_components": [
                  "SYSTEM_COMPONENTS"
                ]
              }
            ],
            "monitoring_service": "monitoring.googleapis.com/kubernetes",
            "name": "prod",
            "network": "projects/rmk-prj-bn/global/networks/for-gke-use",
            "network_policy": [
              {
                "enabled": false,
                "provider": "PROVIDER_UNSPECIFIED"
              }
            ],
            "networking_mode": "VPC_NATIVE",
            "node_config": [
              {
                "boot_disk_kms_key": "",
                "disk_size_gb": 100,
                "disk_type": "pd-standard",
                "gcfs_config": [],
                "guest_accelerator": [],
                "gvnic": [],
                "image_type": "COS_CONTAINERD",
                "labels": {},
                "local_ssd_count": 0,
                "machine_type": "e2-medium",
                "metadata": {
                  "disable-legacy-endpoints": "true"
                },
                "min_cpu_platform": "",
                "node_group": "",
                "oauth_scopes": [
                  "https://www.googleapis.com/auth/devstorage.read_only",
                  "https://www.googleapis.com/auth/logging.write",
                  "https://www.googleapis.com/auth/monitoring",
                  "https://www.googleapis.com/auth/service.management.readonly",
                  "https://www.googleapis.com/auth/servicecontrol",
                  "https://www.googleapis.com/auth/trace.append"
                ],
                "preemptible": false,
                "service_account": "default",
                "shielded_instance_config": [
                  {
                    "enable_integrity_monitoring": true,
                    "enable_secure_boot": true
                  }
                ],
                "tags": [],
                "taint": [],
                "workload_metadata_config": [
                  {
                    "mode": "GKE_METADATA"
                  }
                ]
              }
            ],
            "node_locations": [
              "us-central1-a",
              "us-central1-b",
              "us-central1-c",
              "us-central1-f"
            ],
            "node_pool": [
              {
                "autoscaling": [
                  {
                    "max_node_count": 1000,
                    "min_node_count": 0
                  }
                ],
                "initial_node_count": 1,
                "instance_group_urls": [],
                "managed_instance_group_urls": [],
                "management": [
                  {
                    "auto_repair": true,
                    "auto_upgrade": true
                  }
                ],
                "max_pods_per_node": 32,
                "name": "default-pool",
                "name_prefix": "",
                "node_config": [
                  {
                    "boot_disk_kms_key": "",
                    "disk_size_gb": 100,
                    "disk_type": "pd-standard",
                    "gcfs_config": [],
                    "guest_accelerator": [],
                    "gvnic": [],
                    "image_type": "COS_CONTAINERD",
                    "labels": {},
                    "local_ssd_count": 0,
                    "machine_type": "e2-medium",
                    "metadata": {
                      "disable-legacy-endpoints": "true"
                    },
                    "min_cpu_platform": "",
                    "node_group": "",
                    "oauth_scopes": [
                      "https://www.googleapis.com/auth/devstorage.read_only",
                      "https://www.googleapis.com/auth/logging.write",
                      "https://www.googleapis.com/auth/monitoring",
                      "https://www.googleapis.com/auth/service.management.readonly",
                      "https://www.googleapis.com/auth/servicecontrol",
                      "https://www.googleapis.com/auth/trace.append"
                    ],
                    "preemptible": false,
                    "service_account": "default",
                    "shielded_instance_config": [
                      {
                        "enable_integrity_monitoring": true,
                        "enable_secure_boot": true
                      }
                    ],
                    "tags": [],
                    "taint": [],
                    "workload_metadata_config": [
                      {
                        "mode": "GKE_METADATA"
                      }
                    ]
                  }
                ],
                "node_count": 0,
                "node_locations": [
                  "us-central1-a",
                  "us-central1-f"
                ],
                "upgrade_settings": [
                  {
                    "max_surge": 1,
                    "max_unavailable": 0
                  }
                ],
                "version": "1.21.6-gke.1503"
              }
            ],
            "node_version": "1.21.6-gke.1503",
            "operation": null,
            "private_cluster_config": [],
            "private_ipv6_google_access": "",
            "project": "rmk-prj-bn",
            "release_channel": [
              {
                "channel": "REGULAR"
              }
            ],
            "remove_default_node_pool": null,
            "resource_labels": null,
            "resource_usage_export_config": [],
            "self_link": "https://container.googleapis.com/v1/projects/rmk-prj-bn/locations/us-central1/clusters/prod",
            "services_ipv4_cidr": "10.21.128.0/22",
            "subnetwork": "projects/rmk-prj-bn/regions/us-central1/subnetworks/gke-use",
            "timeouts": null,
            "tpu_ipv4_cidr_block": "",
            "vertical_pod_autoscaling": [
              {
                "enabled": true
              }
            ],
            "workload_identity_config": [
              {
                "workload_pool": "rmk-prj-bn.svc.id.goog"
              }
            ]
          },
          "sensitive_attributes": [],
          "private": "eyJlMmJmYjczMC1lY2FhLTExZTYtOGY4OC0zNDM2M2JjN2M0YzAiOnsiY3JlYXRlIjoyNDAwMDAwMDAwMDAwLCJkZWxldGUiOjI0MDAwMDAwMDAwMDAsInJlYWQiOjI0MDAwMDAwMDAwMDAsInVwZGF0ZSI6MzYwMDAwMDAwMDAwMH0sInNjaGVtYV92ZXJzaW9uIjoiMSJ9",
          "dependencies": [
            "google_compute_network.vpc_network",
            "google_compute_subnetwork.custom_subnet"
          ]
        }
      ]
    },
    {
      "mode": "managed",
      "type": "google_container_cluster",
      "name": "staging",
      "provider": "provider[\"registry.terraform.io/hashicorp/google\"]",
      "instances": [
        {
          "schema_version": 1,
          "attributes": {
            "addons_config": [
              {
                "cloudrun_config": [],
                "gcp_filestore_csi_driver_config": [
                  {
                    "enabled": true
                  }
                ],
                "horizontal_pod_autoscaling": [],
                "http_load_balancing": [],
                "network_policy_config": [
                  {
                    "disabled": true
                  }
                ]
              }
            ],
            "authenticator_groups_config": [],
            "cluster_autoscaling": [
              {
                "auto_provisioning_defaults": [
                  {
                    "image_type": "COS_CONTAINERD",
                    "oauth_scopes": [
                      "https://www.googleapis.com/auth/devstorage.read_only",
                      "https://www.googleapis.com/auth/logging.write",
                      "https://www.googleapis.com/auth/monitoring",
                      "https://www.googleapis.com/auth/service.management.readonly",
                      "https://www.googleapis.com/auth/servicecontrol",
                      "https://www.googleapis.com/auth/trace.append"
                    ],
                    "service_account": "default"
                  }
                ],
                "enabled": true,
                "resource_limits": [
                  {
                    "maximum": 1000000000,
                    "minimum": 0,
                    "resource_type": "cpu"
                  },
                  {
                    "maximum": 1000000000,
                    "minimum": 0,
                    "resource_type": "memory"
                  }
                ]
              }
            ],
            "cluster_ipv4_cidr": "10.78.0.0/17",
            "confidential_nodes": [],
            "database_encryption": [
              {
                "key_name": "",
                "state": "DECRYPTED"
              }
            ],
            "datapath_provider": "",
            "default_max_pods_per_node": 110,
            "default_snat_status": [
              {
                "disabled": false
              }
            ],
            "description": "",
            "dns_config": [],
            "enable_autopilot": true,
            "enable_binary_authorization": false,
            "enable_intranode_visibility": true,
            "enable_kubernetes_alpha": false,
            "enable_legacy_abac": false,
            "enable_shielded_nodes": true,
            "enable_tpu": false,
            "endpoint": "35.232.86.47",
            "id": "projects/rmk-prj-bn/locations/us-central1/clusters/staging",
            "initial_node_count": 0,
            "ip_allocation_policy": [
              {
                "cluster_ipv4_cidr_block": "10.78.0.0/17",
                "cluster_secondary_range_name": "stg-pods-range",
                "services_ipv4_cidr_block": "10.78.128.0/22",
                "services_secondary_range_name": "stg-svc-range"
              }
            ],
            "label_fingerprint": "a9dc16a7",
            "location": "us-central1",
            "logging_config": [
              {
                "enable_components": [
                  "SYSTEM_COMPONENTS",
                  "WORKLOADS"
                ]
              }
            ],
            "logging_service": "logging.googleapis.com/kubernetes",
            "maintenance_policy": [],
            "master_auth": [
              {
                "client_certificate": "",
                "client_certificate_config": [
                  {
                    "issue_client_certificate": false
                  }
                ],
                "client_key": "",
                "cluster_ca_certificate": "LS0tLS1CRUdJTiBDRVJUSUZJQ0FURS0tLS0tCk1JSUVMVENDQXBXZ0F3SUJBZ0lSQU9HMXBwWWhycjkzSUFNZ20vQ2xMTVF3RFFZSktvWklodmNOQVFFTEJRQXcKTHpFdE1Dc0dBMVVFQXhNa05EZGtOalZsT1dZdE5HSXlPQzAwTmpBeUxXRmhOR0l0WldNd01tTTVaR0ZrWm1VegpNQ0FYRFRJeU1EUXlNREV4TURZeE1Gb1lEekl3TlRJd05ERXlNVEl3TmpFd1dqQXZNUzB3S3dZRFZRUURFeVEwCk4yUTJOV1U1WmkwMFlqSTRMVFEyTURJdFlXRTBZaTFsWXpBeVl6bGtZV1JtWlRNd2dnR2lNQTBHQ1NxR1NJYjMKRFFFQkFRVUFBNElCandBd2dnR0tBb0lCZ1FEUTRDNE5WVE9mMDJLK1p0TmM3eHN3UFZFQTY5Vi9nWThWVUJFTAptejRpaXN6alVBMGo3akZjSnkvbEdOTldCbVFndTA3Q3Y1NmxMRTRmT2JiTXEzWHNOT3hYV3RsWU8xY002QVNxCit4N0ZLbTVEWTcrclg0cHNEbHFNRklOT2NZdDBXNG9yaXdqTDlMTDFtbmRuZ2thMzBtZVVXOHJCWi8zSVczKzMKUUNYTURmem9meDBoanhVajVVS0Z6MFlPUk1VNGxoYnVxNDlmYWFCUU1IQjNGQlloZXRSWXpIRVh5czFiRyszYgpFMW1WYjBsOVVtSEFaYXlZUkFGVXNnWitndU95QmFTY3VERVYxMk5QazN5S2xHOXQ2NGlvb0JtUU9wZ1pJTHNGCkVtNkpqYWplbFprR0QyUmpuSFcvRjVZM3hTZmh2bHVIL0c5UkM1ZVp2cEdBYjNSOFFFcFF1LzIwOVBHRnl1dlgKenM1TEJZbVUzT1RPV2pFZW5nbkdHdk5sbjIvWXNFcytpaUwxVG9GaDdjUjdhNkhLZXc2aHUya0k1TWxhZjR3bwozZjdTS2lMOFNSWlF2Slc4NzFCdzNJK2IxOXdzTnFydnBtTmxuM1BuREpCU0h2dXhadytxa1E2VWoxZzh2Rlo3Cm4rclphL0VDbTliMU9pZUw5bExZYzBCLzcyc0NBd0VBQWFOQ01FQXdEZ1lEVlIwUEFRSC9CQVFEQWdJRU1BOEcKQTFVZEV3RUIvd1FGTUFNQkFmOHdIUVlEVlIwT0JCWUVGQWx5RmJ4TG5rOFFTbFBVRWwrZ3V4TkVrbkMvTUEwRwpDU3FHU0liM0RRRUJDd1VBQTRJQmdRQTdOWFh3U0o0VGYxdVZDQmU3dnhxMlMxSzlJdUZBYmttRUxPZnBCeS9VCmJnaHdJNVIyUytIQVpjNmFUT01JUGhLc0t6WkpWSElaNEJCZ3kvR05TQm9yTlI4TmtoZStGc3QwVmdETm9jVnoKdWhKQXpWck9sSUJqK2VIaWszY0xQR2EweTJ3Um9PVWZuT3J3bWUzSHNjUmZpcTZPYmZzYVBuSytDcVNjTHBIagpTdDJ4YmZPUjkxQlUyWU1HNWlOL3FsazViaVdZQUJqQlM4SHhGQ1lDNnU3RUlaSmhDeVJTQnhTa2NaVzdsMjJZCnArSXIwOTRaMElsSU5OM2EwWlFESmY1QzlsWjR0Vkp6ZHVzQ2JWWW9uUHFQeVA2UkNqQTNObXVlNjVxUU5OUjAKdEF4RjEyOGtxYW16YStKWkRFMXJDZ3pvcnhiL1VnR0RZTFJjSk1JL2wwSHVPR2ozcVdDTUJZRmUvQ0d4dDVvaApnZWx4SExKSTJzVVRUVXR2c0VKc0hXTVVFOFpwbHFreVJ5THZYTDJPdTc1OUxlbEwzWmxBenhYZXNqOHRvditGCnMvMk1kNyt4T0ZYenJuRDhMcWZvdUoxOU5SeWwrK3p0cmt2dmpMb3hsNGdLaVhmdHpnMjMrdWZ1aFJWVWpnUnkKU2J0M29QRC9aZVVvU3BReDI5RHhSQ0U9Ci0tLS0tRU5EIENFUlRJRklDQVRFLS0tLS0K"
              }
            ],
            "master_authorized_networks_config": [],
            "master_version": "1.21.6-gke.1503",
            "min_master_version": null,
            "monitoring_config": [
              {
                "enable_components": [
                  "SYSTEM_COMPONENTS"
                ]
              }
            ],
            "monitoring_service": "monitoring.googleapis.com/kubernetes",
            "name": "staging",
            "network": "projects/rmk-prj-bn/global/networks/for-gke-use",
            "network_policy": [
              {
                "enabled": false,
                "provider": "PROVIDER_UNSPECIFIED"
              }
            ],
            "networking_mode": "VPC_NATIVE",
            "node_config": [
              {
                "boot_disk_kms_key": "",
                "disk_size_gb": 100,
                "disk_type": "pd-standard",
                "gcfs_config": [],
                "guest_accelerator": [],
                "gvnic": [],
                "image_type": "COS_CONTAINERD",
                "labels": {},
                "local_ssd_count": 0,
                "machine_type": "e2-medium",
                "metadata": {
                  "disable-legacy-endpoints": "true"
                },
                "min_cpu_platform": "",
                "node_group": "",
                "oauth_scopes": [
                  "https://www.googleapis.com/auth/devstorage.read_only",
                  "https://www.googleapis.com/auth/logging.write",
                  "https://www.googleapis.com/auth/monitoring",
                  "https://www.googleapis.com/auth/service.management.readonly",
                  "https://www.googleapis.com/auth/servicecontrol",
                  "https://www.googleapis.com/auth/trace.append"
                ],
                "preemptible": false,
                "service_account": "default",
                "shielded_instance_config": [
                  {
                    "enable_integrity_monitoring": true,
                    "enable_secure_boot": true
                  }
                ],
                "tags": [],
                "taint": [],
                "workload_metadata_config": [
                  {
                    "mode": "GKE_METADATA"
                  }
                ]
              }
            ],
            "node_locations": [
              "us-central1-a",
              "us-central1-b",
              "us-central1-c",
              "us-central1-f"
            ],
            "node_pool": [
              {
                "autoscaling": [
                  {
                    "max_node_count": 1000,
                    "min_node_count": 0
                  }
                ],
                "initial_node_count": 1,
                "instance_group_urls": [],
                "managed_instance_group_urls": [],
                "management": [
                  {
                    "auto_repair": true,
                    "auto_upgrade": true
                  }
                ],
                "max_pods_per_node": 32,
                "name": "default-pool",
                "name_prefix": "",
                "node_config": [
                  {
                    "boot_disk_kms_key": "",
                    "disk_size_gb": 100,
                    "disk_type": "pd-standard",
                    "gcfs_config": [],
                    "guest_accelerator": [],
                    "gvnic": [],
                    "image_type": "COS_CONTAINERD",
                    "labels": {},
                    "local_ssd_count": 0,
                    "machine_type": "e2-medium",
                    "metadata": {
                      "disable-legacy-endpoints": "true"
                    },
                    "min_cpu_platform": "",
                    "node_group": "",
                    "oauth_scopes": [
                      "https://www.googleapis.com/auth/devstorage.read_only",
                      "https://www.googleapis.com/auth/logging.write",
                      "https://www.googleapis.com/auth/monitoring",
                      "https://www.googleapis.com/auth/service.management.readonly",
                      "https://www.googleapis.com/auth/servicecontrol",
                      "https://www.googleapis.com/auth/trace.append"
                    ],
                    "preemptible": false,
                    "service_account": "default",
                    "shielded_instance_config": [
                      {
                        "enable_integrity_monitoring": true,
                        "enable_secure_boot": true
                      }
                    ],
                    "tags": [],
                    "taint": [],
                    "workload_metadata_config": [
                      {
                        "mode": "GKE_METADATA"
                      }
                    ]
                  }
                ],
                "node_count": 0,
                "node_locations": [
                  "us-central1-a",
                  "us-central1-c"
                ],
                "upgrade_settings": [
                  {
                    "max_surge": 1,
                    "max_unavailable": 0
                  }
                ],
                "version": "1.21.6-gke.1503"
              }
            ],
            "node_version": "1.21.6-gke.1503",
            "operation": null,
            "private_cluster_config": [],
            "private_ipv6_google_access": "",
            "project": "rmk-prj-bn",
            "release_channel": [
              {
                "channel": "REGULAR"
              }
            ],
            "remove_default_node_pool": null,
            "resource_labels": null,
            "resource_usage_export_config": [],
            "self_link": "https://container.googleapis.com/v1/projects/rmk-prj-bn/locations/us-central1/clusters/staging",
            "services_ipv4_cidr": "10.78.128.0/22",
            "subnetwork": "projects/rmk-prj-bn/regions/us-central1/subnetworks/gke-use",
            "timeouts": null,
            "tpu_ipv4_cidr_block": "",
            "vertical_pod_autoscaling": [
              {
                "enabled": true
              }
            ],
            "workload_identity_config": [
              {
                "workload_pool": "rmk-prj-bn.svc.id.goog"
              }
            ]
          },
          "sensitive_attributes": [],
          "private": "eyJlMmJmYjczMC1lY2FhLTExZTYtOGY4OC0zNDM2M2JjN2M0YzAiOnsiY3JlYXRlIjoyNDAwMDAwMDAwMDAwLCJkZWxldGUiOjI0MDAwMDAwMDAwMDAsInJlYWQiOjI0MDAwMDAwMDAwMDAsInVwZGF0ZSI6MzYwMDAwMDAwMDAwMH0sInNjaGVtYV92ZXJzaW9uIjoiMSJ9",
          "dependencies": [
            "google_compute_network.vpc_network",
            "google_compute_subnetwork.custom_subnet"
          ]
        }
      ]
    },
    {
      "mode": "managed",
      "type": "google_sourcerepo_repository",
      "name": "cicd-source-repo",
      "provider": "provider[\"registry.terraform.io/hashicorp/google\"]",
      "instances": [
        {
          "schema_version": 0,
          "attributes": {
            "id": "projects/rmk-prj-bn/repos/cicd-sample",
            "name": "cicd-sample",
            "project": "rmk-prj-bn",
            "pubsub_configs": [],
            "size": 0,
            "timeouts": null,
            "url": "https://source.developers.google.com/p/rmk-prj-bn/r/cicd-sample"
          },
          "sensitive_attributes": [],
          "private": "eyJlMmJmYjczMC1lY2FhLTExZTYtOGY4OC0zNDM2M2JjN2M0YzAiOnsiY3JlYXRlIjoxMjAwMDAwMDAwMDAwLCJkZWxldGUiOjEyMDAwMDAwMDAwMDAsInVwZGF0ZSI6MTIwMDAwMDAwMDAwMH19"
        }
      ]
    },
    {
      "mode": "managed",
      "type": "google_storage_bucket",
      "name": "gceme-artifacts",
      "provider": "provider[\"registry.terraform.io/hashicorp/google\"]",
      "instances": [
        {
          "schema_version": 0,
          "attributes": {
            "cors": [],
            "default_event_based_hold": false,
            "encryption": [],
            "force_destroy": false,
            "id": "rmk-prj-bn-gceme-artifacts",
            "labels": null,
            "lifecycle_rule": [],
            "location": "US-CENTRAL1",
            "logging": [],
            "name": "rmk-prj-bn-gceme-artifacts",
            "project": "rmk-prj-bn",
            "requester_pays": false,
            "retention_policy": [],
            "self_link": "https://www.googleapis.com/storage/v1/b/rmk-prj-bn-gceme-artifacts",
            "storage_class": "STANDARD",
            "timeouts": null,
            "uniform_bucket_level_access": false,
            "url": "gs://rmk-prj-bn-gceme-artifacts",
            "versioning": [],
            "website": []
          },
          "sensitive_attributes": [],
          "private": "eyJlMmJmYjczMC1lY2FhLTExZTYtOGY4OC0zNDM2M2JjN2M0YzAiOnsiY3JlYXRlIjoyNDAwMDAwMDAwMDAsInJlYWQiOjI0MDAwMDAwMDAwMCwidXBkYXRlIjoyNDAwMDAwMDAwMDB9fQ=="
        }
      ]
    }
  ]
}
